// !$*UTF8*$!
{
	archiveVersion = 1;
	classes = {
	};
	objectVersion = 56;
	objects = {

/* Begin PBXBuildFile section */
		521A62DA2AB237910000E05B /* StorageManager.swift in Sources */ = {isa = PBXBuildFile; fileRef = 521A62D92AB237910000E05B /* StorageManager.swift */; };
		523765C62ADB1508009B4D1B /* MapManager.swift in Sources */ = {isa = PBXBuildFile; fileRef = 523765C52ADB1508009B4D1B /* MapManager.swift */; };
		52429E5F2AAE17990086A21D /* AppDelegate.swift in Sources */ = {isa = PBXBuildFile; fileRef = 52429E5E2AAE17990086A21D /* AppDelegate.swift */; };
		52429E612AAE17990086A21D /* SceneDelegate.swift in Sources */ = {isa = PBXBuildFile; fileRef = 52429E602AAE17990086A21D /* SceneDelegate.swift */; };
		52429E662AAE17990086A21D /* Main.storyboard in Resources */ = {isa = PBXBuildFile; fileRef = 52429E642AAE17990086A21D /* Main.storyboard */; };
		52429E682AAE179A0086A21D /* Assets.xcassets in Resources */ = {isa = PBXBuildFile; fileRef = 52429E672AAE179A0086A21D /* Assets.xcassets */; };
		52429E6B2AAE179A0086A21D /* LaunchScreen.storyboard in Resources */ = {isa = PBXBuildFile; fileRef = 52429E692AAE179A0086A21D /* LaunchScreen.storyboard */; };
		52429E732AAE1B4F0086A21D /* MainViewController.swift in Sources */ = {isa = PBXBuildFile; fileRef = 52429E722AAE1B4F0086A21D /* MainViewController.swift */; };
		52429E752AAF6E9F0086A21D /* CustomTableViewCell.swift in Sources */ = {isa = PBXBuildFile; fileRef = 52429E742AAF6E9F0086A21D /* CustomTableViewCell.swift */; };
		52429E772AAF72330086A21D /* PlaceModel.swift in Sources */ = {isa = PBXBuildFile; fileRef = 52429E762AAF72330086A21D /* PlaceModel.swift */; };
		52429E792AAF8BCD0086A21D /* NewPlaceViewController.swift in Sources */ = {isa = PBXBuildFile; fileRef = 52429E782AAF8BCD0086A21D /* NewPlaceViewController.swift */; };
		529E41962ABF7CC4008FA0B6 /* RatingControl.swift in Sources */ = {isa = PBXBuildFile; fileRef = 529E41952ABF7CC4008FA0B6 /* RatingControl.swift */; };
		52B0A1872AC3637700847E2B /* MapViewController.swift in Sources */ = {isa = PBXBuildFile; fileRef = 52B0A1862AC3637700847E2B /* MapViewController.swift */; };
		B1D987D112DC7BB493733F41 /* Pods_MyPlaces.framework in Frameworks */ = {isa = PBXBuildFile; fileRef = 0F6D7B805E649EF0DA436335 /* Pods_MyPlaces.framework */; };
/* End PBXBuildFile section */

/* Begin PBXFileReference section */
		0F6D7B805E649EF0DA436335 /* Pods_MyPlaces.framework */ = {isa = PBXFileReference; explicitFileType = wrapper.framework; includeInIndex = 0; path = Pods_MyPlaces.framework; sourceTree = BUILT_PRODUCTS_DIR; };
		18F1A8E847F1DB9A5F034746 /* Pods-MyPlaces.debug.xcconfig */ = {isa = PBXFileReference; includeInIndex = 1; lastKnownFileType = text.xcconfig; name = "Pods-MyPlaces.debug.xcconfig"; path = "Target Support Files/Pods-MyPlaces/Pods-MyPlaces.debug.xcconfig"; sourceTree = "<group>"; };
		521A62D92AB237910000E05B /* StorageManager.swift */ = {isa = PBXFileReference; lastKnownFileType = sourcecode.swift; path = StorageManager.swift; sourceTree = "<group>"; };
		523765C52ADB1508009B4D1B /* MapManager.swift */ = {isa = PBXFileReference; lastKnownFileType = sourcecode.swift; path = MapManager.swift; sourceTree = "<group>"; };
		52429E5B2AAE17990086A21D /* MyPlaces.app */ = {isa = PBXFileReference; explicitFileType = wrapper.application; includeInIndex = 0; path = MyPlaces.app; sourceTree = BUILT_PRODUCTS_DIR; };
		52429E5E2AAE17990086A21D /* AppDelegate.swift */ = {isa = PBXFileReference; lastKnownFileType = sourcecode.swift; path = AppDelegate.swift; sourceTree = "<group>"; };
		52429E602AAE17990086A21D /* SceneDelegate.swift */ = {isa = PBXFileReference; lastKnownFileType = sourcecode.swift; path = SceneDelegate.swift; sourceTree = "<group>"; };
		52429E652AAE17990086A21D /* Base */ = {isa = PBXFileReference; lastKnownFileType = file.storyboard; name = Base; path = Base.lproj/Main.storyboard; sourceTree = "<group>"; };
		52429E672AAE179A0086A21D /* Assets.xcassets */ = {isa = PBXFileReference; lastKnownFileType = folder.assetcatalog; path = Assets.xcassets; sourceTree = "<group>"; };
		52429E6A2AAE179A0086A21D /* Base */ = {isa = PBXFileReference; lastKnownFileType = file.storyboard; name = Base; path = Base.lproj/LaunchScreen.storyboard; sourceTree = "<group>"; };
		52429E6C2AAE179A0086A21D /* Info.plist */ = {isa = PBXFileReference; lastKnownFileType = text.plist.xml; path = Info.plist; sourceTree = "<group>"; };
		52429E722AAE1B4F0086A21D /* MainViewController.swift */ = {isa = PBXFileReference; lastKnownFileType = sourcecode.swift; path = MainViewController.swift; sourceTree = "<group>"; };
		52429E742AAF6E9F0086A21D /* CustomTableViewCell.swift */ = {isa = PBXFileReference; lastKnownFileType = sourcecode.swift; path = CustomTableViewCell.swift; sourceTree = "<group>"; };
		52429E762AAF72330086A21D /* PlaceModel.swift */ = {isa = PBXFileReference; lastKnownFileType = sourcecode.swift; path = PlaceModel.swift; sourceTree = "<group>"; };
		52429E782AAF8BCD0086A21D /* NewPlaceViewController.swift */ = {isa = PBXFileReference; lastKnownFileType = sourcecode.swift; path = NewPlaceViewController.swift; sourceTree = "<group>"; };
		529E41952ABF7CC4008FA0B6 /* RatingControl.swift */ = {isa = PBXFileReference; lastKnownFileType = sourcecode.swift; path = RatingControl.swift; sourceTree = "<group>"; };
		52B0A1862AC3637700847E2B /* MapViewController.swift */ = {isa = PBXFileReference; lastKnownFileType = sourcecode.swift; path = MapViewController.swift; sourceTree = "<group>"; };
		DD81E0687C67EF0874F8952D /* Pods-MyPlaces.release.xcconfig */ = {isa = PBXFileReference; includeInIndex = 1; lastKnownFileType = text.xcconfig; name = "Pods-MyPlaces.release.xcconfig"; path = "Target Support Files/Pods-MyPlaces/Pods-MyPlaces.release.xcconfig"; sourceTree = "<group>"; };
/* End PBXFileReference section */

/* Begin PBXFrameworksBuildPhase section */
		52429E582AAE17990086A21D /* Frameworks */ = {
			isa = PBXFrameworksBuildPhase;
			buildActionMask = 2147483647;
			files = (
				B1D987D112DC7BB493733F41 /* Pods_MyPlaces.framework in Frameworks */,
			);
			runOnlyForDeploymentPostprocessing = 0;
		};
/* End PBXFrameworksBuildPhase section */

/* Begin PBXGroup section */
		523765C72ADB1B67009B4D1B /* ViewControllers */ = {
			isa = PBXGroup;
			children = (
				52429E742AAF6E9F0086A21D /* CustomTableViewCell.swift */,
				52429E782AAF8BCD0086A21D /* NewPlaceViewController.swift */,
				52B0A1862AC3637700847E2B /* MapViewController.swift */,
				52429E722AAE1B4F0086A21D /* MainViewController.swift */,
			);
			path = ViewControllers;
			sourceTree = "<group>";
		};
		523765C82ADB1B84009B4D1B /* Models */ = {
			isa = PBXGroup;
			children = (
				52429E762AAF72330086A21D /* PlaceModel.swift */,
			);
			path = Models;
			sourceTree = "<group>";
		};
		523765C92ADB1B93009B4D1B /* Helpers */ = {
			isa = PBXGroup;
			children = (
				529E41952ABF7CC4008FA0B6 /* RatingControl.swift */,
				521A62D92AB237910000E05B /* StorageManager.swift */,
				523765C52ADB1508009B4D1B /* MapManager.swift */,
			);
			path = Helpers;
			sourceTree = "<group>";
		};
		523765CA2ADB1BAE009B4D1B /* Support Files */ = {
			isa = PBXGroup;
			children = (
				52429E602AAE17990086A21D /* SceneDelegate.swift */,
				52429E5E2AAE17990086A21D /* AppDelegate.swift */,
				52429E672AAE179A0086A21D /* Assets.xcassets */,
			);
			path = "Support Files";
			sourceTree = "<group>";
		};
		523765CB2ADB1BEF009B4D1B /* IBuilder */ = {
			isa = PBXGroup;
			children = (
				52429E642AAE17990086A21D /* Main.storyboard */,
				52429E692AAE179A0086A21D /* LaunchScreen.storyboard */,
			);
			path = IBuilder;
			sourceTree = "<group>";
		};
		52429E522AAE17990086A21D = {
			isa = PBXGroup;
			children = (
				52429E5D2AAE17990086A21D /* MyPlaces */,
				52429E5C2AAE17990086A21D /* Products */,
				D58A11672EE3B2A0152B8B43 /* Pods */,
				EE9EC1091AF9AC067E8CA3D3 /* Frameworks */,
			);
			sourceTree = "<group>";
		};
		52429E5C2AAE17990086A21D /* Products */ = {
			isa = PBXGroup;
			children = (
				52429E5B2AAE17990086A21D /* MyPlaces.app */,
			);
			name = Products;
			sourceTree = "<group>";
		};
		52429E5D2AAE17990086A21D /* MyPlaces */ = {
			isa = PBXGroup;
			children = (
				52429E6C2AAE179A0086A21D /* Info.plist */,
				523765C92ADB1B93009B4D1B /* Helpers */,
				523765C72ADB1B67009B4D1B /* ViewControllers */,
				523765C82ADB1B84009B4D1B /* Models */,
				523765CB2ADB1BEF009B4D1B /* IBuilder */,
				523765CA2ADB1BAE009B4D1B /* Support Files */,
			);
			path = MyPlaces;
			sourceTree = "<group>";
		};
		D58A11672EE3B2A0152B8B43 /* Pods */ = {
			isa = PBXGroup;
			children = (
				18F1A8E847F1DB9A5F034746 /* Pods-MyPlaces.debug.xcconfig */,
				DD81E0687C67EF0874F8952D /* Pods-MyPlaces.release.xcconfig */,
			);
			path = Pods;
			sourceTree = "<group>";
		};
		EE9EC1091AF9AC067E8CA3D3 /* Frameworks */ = {
			isa = PBXGroup;
			children = (
				0F6D7B805E649EF0DA436335 /* Pods_MyPlaces.framework */,
			);
			name = Frameworks;
			sourceTree = "<group>";
		};
/* End PBXGroup section */

/* Begin PBXNativeTarget section */
		52429E5A2AAE17990086A21D /* MyPlaces */ = {
			isa = PBXNativeTarget;
			buildConfigurationList = 52429E6F2AAE179A0086A21D /* Build configuration list for PBXNativeTarget "MyPlaces" */;
			buildPhases = (
				E8E5171413C63CCE6E60F132 /* [CP] Check Pods Manifest.lock */,
				52429E572AAE17990086A21D /* Sources */,
				52429E582AAE17990086A21D /* Frameworks */,
				52429E592AAE17990086A21D /* Resources */,
				592705F377D5B885F4C5E8DE /* [CP] Embed Pods Frameworks */,
			);
			buildRules = (
			);
			dependencies = (
			);
			name = MyPlaces;
			productName = MyPlaces;
			productReference = 52429E5B2AAE17990086A21D /* MyPlaces.app */;
			productType = "com.apple.product-type.application";
		};
/* End PBXNativeTarget section */

/* Begin PBXProject section */
		52429E532AAE17990086A21D /* Project object */ = {
			isa = PBXProject;
			attributes = {
				BuildIndependentTargetsInParallel = 1;
				LastSwiftUpdateCheck = 1420;
				LastUpgradeCheck = 1420;
				TargetAttributes = {
					52429E5A2AAE17990086A21D = {
						CreatedOnToolsVersion = 14.2;
					};
				};
			};
			buildConfigurationList = 52429E562AAE17990086A21D /* Build configuration list for PBXProject "MyPlaces" */;
			compatibilityVersion = "Xcode 14.0";
			developmentRegion = en;
			hasScannedForEncodings = 0;
			knownRegions = (
				en,
				Base,
			);
			mainGroup = 52429E522AAE17990086A21D;
			productRefGroup = 52429E5C2AAE17990086A21D /* Products */;
			projectDirPath = "";
			projectRoot = "";
			targets = (
				52429E5A2AAE17990086A21D /* MyPlaces */,
			);
		};
/* End PBXProject section */

/* Begin PBXResourcesBuildPhase section */
		52429E592AAE17990086A21D /* Resources */ = {
			isa = PBXResourcesBuildPhase;
			buildActionMask = 2147483647;
			files = (
				52429E6B2AAE179A0086A21D /* LaunchScreen.storyboard in Resources */,
				52429E682AAE179A0086A21D /* Assets.xcassets in Resources */,
				52429E662AAE17990086A21D /* Main.storyboard in Resources */,
			);
			runOnlyForDeploymentPostprocessing = 0;
		};
/* End PBXResourcesBuildPhase section */

/* Begin PBXShellScriptBuildPhase section */
		592705F377D5B885F4C5E8DE /* [CP] Embed Pods Frameworks */ = {
			isa = PBXShellScriptBuildPhase;
			buildActionMask = 2147483647;
			files = (
			);
			inputFileListPaths = (
				"${PODS_ROOT}/Target Support Files/Pods-MyPlaces/Pods-MyPlaces-frameworks-${CONFIGURATION}-input-files.xcfilelist",
			);
			name = "[CP] Embed Pods Frameworks";
			outputFileListPaths = (
				"${PODS_ROOT}/Target Support Files/Pods-MyPlaces/Pods-MyPlaces-frameworks-${CONFIGURATION}-output-files.xcfilelist",
			);
			runOnlyForDeploymentPostprocessing = 0;
			shellPath = /bin/sh;
			shellScript = "\"${PODS_ROOT}/Target Support Files/Pods-MyPlaces/Pods-MyPlaces-frameworks.sh\"\n";
			showEnvVarsInLog = 0;
		};
		E8E5171413C63CCE6E60F132 /* [CP] Check Pods Manifest.lock */ = {
			isa = PBXShellScriptBuildPhase;
			buildActionMask = 2147483647;
			files = (
			);
			inputFileListPaths = (
			);
			inputPaths = (
				"${PODS_PODFILE_DIR_PATH}/Podfile.lock",
				"${PODS_ROOT}/Manifest.lock",
			);
			name = "[CP] Check Pods Manifest.lock";
			outputFileListPaths = (
			);
			outputPaths = (
				"$(DERIVED_FILE_DIR)/Pods-MyPlaces-checkManifestLockResult.txt",
			);
			runOnlyForDeploymentPostprocessing = 0;
			shellPath = /bin/sh;
			shellScript = "diff \"${PODS_PODFILE_DIR_PATH}/Podfile.lock\" \"${PODS_ROOT}/Manifest.lock\" > /dev/null\nif [ $? != 0 ] ; then\n    # print error to STDERR\n    echo \"error: The sandbox is not in sync with the Podfile.lock. Run 'pod install' or update your CocoaPods installation.\" >&2\n    exit 1\nfi\n# This output is used by Xcode 'outputs' to avoid re-running this script phase.\necho \"SUCCESS\" > \"${SCRIPT_OUTPUT_FILE_0}\"\n";
			showEnvVarsInLog = 0;
		};
/* End PBXShellScriptBuildPhase section */

/* Begin PBXSourcesBuildPhase section */
		52429E572AAE17990086A21D /* Sources */ = {
			isa = PBXSourcesBuildPhase;
			buildActionMask = 2147483647;
			files = (
				52429E732AAE1B4F0086A21D /* MainViewController.swift in Sources */,
				52429E792AAF8BCD0086A21D /* NewPlaceViewController.swift in Sources */,
				52429E5F2AAE17990086A21D /* AppDelegate.swift in Sources */,
				521A62DA2AB237910000E05B /* StorageManager.swift in Sources */,
				52B0A1872AC3637700847E2B /* MapViewController.swift in Sources */,
				529E41962ABF7CC4008FA0B6 /* RatingControl.swift in Sources */,
				523765C62ADB1508009B4D1B /* MapManager.swift in Sources */,
				52429E772AAF72330086A21D /* PlaceModel.swift in Sources */,
				52429E752AAF6E9F0086A21D /* CustomTableViewCell.swift in Sources */,
				52429E612AAE17990086A21D /* SceneDelegate.swift in Sources */,
			);
			runOnlyForDeploymentPostprocessing = 0;
		};
/* End PBXSourcesBuildPhase section */

/* Begin PBXVariantGroup section */
		52429E642AAE17990086A21D /* Main.storyboard */ = {
			isa = PBXVariantGroup;
			children = (
				52429E652AAE17990086A21D /* Base */,
			);
			name = Main.storyboard;
			sourceTree = "<group>";
		};
		52429E692AAE179A0086A21D /* LaunchScreen.storyboard */ = {
			isa = PBXVariantGroup;
			children = (
				52429E6A2AAE179A0086A21D /* Base */,
			);
			name = LaunchScreen.storyboard;
			sourceTree = "<group>";
		};
/* End PBXVariantGroup section */

/* Begin XCBuildConfiguration section */
		52429E6D2AAE179A0086A21D /* Debug */ = {
			isa = XCBuildConfiguration;
			buildSettings = {
				ALWAYS_SEARCH_USER_PATHS = NO;
				CLANG_ANALYZER_NONNULL = YES;
				CLANG_ANALYZER_NUMBER_OBJECT_CONVERSION = YES_AGGRESSIVE;
				CLANG_CXX_LANGUAGE_STANDARD = "gnu++20";
				CLANG_ENABLE_MODULES = YES;
				CLANG_ENABLE_OBJC_ARC = YES;
				CLANG_ENABLE_OBJC_WEAK = YES;
				CLANG_WARN_BLOCK_CAPTURE_AUTORELEASING = YES;
				CLANG_WARN_BOOL_CONVERSION = YES;
				CLANG_WARN_COMMA = YES;
				CLANG_WARN_CONSTANT_CONVERSION = YES;
				CLANG_WARN_DEPRECATED_OBJC_IMPLEMENTATIONS = YES;
				CLANG_WARN_DIRECT_OBJC_ISA_USAGE = YES_ERROR;
				CLANG_WARN_DOCUMENTATION_COMMENTS = YES;
				CLANG_WARN_EMPTY_BODY = YES;
				CLANG_WARN_ENUM_CONVERSION = YES;
				CLANG_WARN_INFINITE_RECURSION = YES;
				CLANG_WARN_INT_CONVERSION = YES;
				CLANG_WARN_NON_LITERAL_NULL_CONVERSION = YES;
				CLANG_WARN_OBJC_IMPLICIT_RETAIN_SELF = YES;
				CLANG_WARN_OBJC_LITERAL_CONVERSION = YES;
				CLANG_WARN_OBJC_ROOT_CLASS = YES_ERROR;
				CLANG_WARN_QUOTED_INCLUDE_IN_FRAMEWORK_HEADER = YES;
				CLANG_WARN_RANGE_LOOP_ANALYSIS = YES;
				CLANG_WARN_STRICT_PROTOTYPES = YES;
				CLANG_WARN_SUSPICIOUS_MOVE = YES;
				CLANG_WARN_UNGUARDED_AVAILABILITY = YES_AGGRESSIVE;
				CLANG_WARN_UNREACHABLE_CODE = YES;
				CLANG_WARN__DUPLICATE_METHOD_MATCH = YES;
				COPY_PHASE_STRIP = NO;
				DEBUG_INFORMATION_FORMAT = dwarf;
				ENABLE_STRICT_OBJC_MSGSEND = YES;
				ENABLE_TESTABILITY = YES;
				GCC_C_LANGUAGE_STANDARD = gnu11;
				GCC_DYNAMIC_NO_PIC = NO;
				GCC_NO_COMMON_BLOCKS = YES;
				GCC_OPTIMIZATION_LEVEL = 0;
				GCC_PREPROCESSOR_DEFINITIONS = (
					"DEBUG=1",
					"$(inherited)",
				);
				GCC_WARN_64_TO_32_BIT_CONVERSION = YES;
				GCC_WARN_ABOUT_RETURN_TYPE = YES_ERROR;
				GCC_WARN_UNDECLARED_SELECTOR = YES;
				GCC_WARN_UNINITIALIZED_AUTOS = YES_AGGRESSIVE;
				GCC_WARN_UNUSED_FUNCTION = YES;
				GCC_WARN_UNUSED_VARIABLE = YES;
				IPHONEOS_DEPLOYMENT_TARGET = 16.2;
				MTL_ENABLE_DEBUG_INFO = INCLUDE_SOURCE;
				MTL_FAST_MATH = YES;
				ONLY_ACTIVE_ARCH = YES;
				SDKROOT = iphoneos;
				SWIFT_ACTIVE_COMPILATION_CONDITIONS = DEBUG;
				SWIFT_OPTIMIZATION_LEVEL = "-Onone";
			};
			name = Debug;
		};
		52429E6E2AAE179A0086A21D /* Release */ = {
			isa = XCBuildConfiguration;
			buildSettings = {
				ALWAYS_SEARCH_USER_PATHS = NO;
				CLANG_ANALYZER_NONNULL = YES;
				CLANG_ANALYZER_NUMBER_OBJECT_CONVERSION = YES_AGGRESSIVE;
				CLANG_CXX_LANGUAGE_STANDARD = "gnu++20";
				CLANG_ENABLE_MODULES = YES;
				CLANG_ENABLE_OBJC_ARC = YES;
				CLANG_ENABLE_OBJC_WEAK = YES;
				CLANG_WARN_BLOCK_CAPTURE_AUTORELEASING = YES;
				CLANG_WARN_BOOL_CONVERSION = YES;
				CLANG_WARN_COMMA = YES;
				CLANG_WARN_CONSTANT_CONVERSION = YES;
				CLANG_WARN_DEPRECATED_OBJC_IMPLEMENTATIONS = YES;
				CLANG_WARN_DIRECT_OBJC_ISA_USAGE = YES_ERROR;
				CLANG_WARN_DOCUMENTATION_COMMENTS = YES;
				CLANG_WARN_EMPTY_BODY = YES;
				CLANG_WARN_ENUM_CONVERSION = YES;
				CLANG_WARN_INFINITE_RECURSION = YES;
				CLANG_WARN_INT_CONVERSION = YES;
				CLANG_WARN_NON_LITERAL_NULL_CONVERSION = YES;
				CLANG_WARN_OBJC_IMPLICIT_RETAIN_SELF = YES;
				CLANG_WARN_OBJC_LITERAL_CONVERSION = YES;
				CLANG_WARN_OBJC_ROOT_CLASS = YES_ERROR;
				CLANG_WARN_QUOTED_INCLUDE_IN_FRAMEWORK_HEADER = YES;
				CLANG_WARN_RANGE_LOOP_ANALYSIS = YES;
				CLANG_WARN_STRICT_PROTOTYPES = YES;
				CLANG_WARN_SUSPICIOUS_MOVE = YES;
				CLANG_WARN_UNGUARDED_AVAILABILITY = YES_AGGRESSIVE;
				CLANG_WARN_UNREACHABLE_CODE = YES;
				CLANG_WARN__DUPLICATE_METHOD_MATCH = YES;
				COPY_PHASE_STRIP = NO;
				DEBUG_INFORMATION_FORMAT = "dwarf-with-dsym";
				ENABLE_NS_ASSERTIONS = NO;
				ENABLE_STRICT_OBJC_MSGSEND = YES;
				GCC_C_LANGUAGE_STANDARD = gnu11;
				GCC_NO_COMMON_BLOCKS = YES;
				GCC_WARN_64_TO_32_BIT_CONVERSION = YES;
				GCC_WARN_ABOUT_RETURN_TYPE = YES_ERROR;
				GCC_WARN_UNDECLARED_SELECTOR = YES;
				GCC_WARN_UNINITIALIZED_AUTOS = YES_AGGRESSIVE;
				GCC_WARN_UNUSED_FUNCTION = YES;
				GCC_WARN_UNUSED_VARIABLE = YES;
				IPHONEOS_DEPLOYMENT_TARGET = 16.2;
				MTL_ENABLE_DEBUG_INFO = NO;
				MTL_FAST_MATH = YES;
				SDKROOT = iphoneos;
				SWIFT_COMPILATION_MODE = wholemodule;
				SWIFT_OPTIMIZATION_LEVEL = "-O";
				VALIDATE_PRODUCT = YES;
			};
			name = Release;
		};
		52429E702AAE179A0086A21D /* Debug */ = {
			isa = XCBuildConfiguration;
			baseConfigurationReference = 18F1A8E847F1DB9A5F034746 /* Pods-MyPlaces.debug.xcconfig */;
			buildSettings = {
				ASSETCATALOG_COMPILER_APPICON_NAME = AppIcon;
				ASSETCATALOG_COMPILER_GLOBAL_ACCENT_COLOR_NAME = AccentColor;
				CODE_SIGN_STYLE = Automatic;
				CURRENT_PROJECT_VERSION = 1;
				DEVELOPMENT_TEAM = C5WU4SYTCZ;
				GENERATE_INFOPLIST_FILE = YES;
				INFOPLIST_FILE = MyPlaces/Info.plist;
				INFOPLIST_KEY_UIApplicationSupportsIndirectInputEvents = YES;
				INFOPLIST_KEY_UILaunchStoryboardName = LaunchScreen;
				INFOPLIST_KEY_UIMainStoryboardFile = Main;
				INFOPLIST_KEY_UISupportedInterfaceOrientations_iPad = "UIInterfaceOrientationPortrait UIInterfaceOrientationPortraitUpsideDown UIInterfaceOrientationLandscapeLeft UIInterfaceOrientationLandscapeRight";
				INFOPLIST_KEY_UISupportedInterfaceOrientations_iPhone = "UIInterfaceOrientationPortrait UIInterfaceOrientationLandscapeLeft UIInterfaceOrientationLandscapeRight";
				IPHONEOS_DEPLOYMENT_TARGET = 13.0;
				LD_RUNPATH_SEARCH_PATHS = (
					"$(inherited)",
					"@executable_path/Frameworks",
				);
				MARKETING_VERSION = 1.0;
				PRODUCT_BUNDLE_IDENTIFIER = "Erika-Manucharian.MyPlaces";
				PRODUCT_NAME = "$(TARGET_NAME)";
				SUPPORTED_PLATFORMS = "iphoneos iphonesimulator";
				SUPPORTS_MACCATALYST = NO;
				SUPPORTS_MAC_DESIGNED_FOR_IPHONE_IPAD = NO;
				SWIFT_EMIT_LOC_STRINGS = YES;
				SWIFT_VERSION = 5.0;
				TARGETED_DEVICE_FAMILY = "1,2";
			};
			name = Debug;
		};
		52429E712AAE179A0086A21D /* Release */ = {
			isa = XCBuildConfiguration;
			baseConfigurationReference = DD81E0687C67EF0874F8952D /* Pods-MyPlaces.release.xcconfig */;
			buildSettings = {
				ASSETCATALOG_COMPILER_APPICON_NAME = AppIcon;
				ASSETCATALOG_COMPILER_GLOBAL_ACCENT_COLOR_NAME = AccentColor;
				CODE_SIGN_STYLE = Automatic;
				CURRENT_PROJECT_VERSION = 1;
				DEVELOPMENT_TEAM = C5WU4SYTCZ;
				GENERATE_INFOPLIST_FILE = YES;
				INFOPLIST_FILE = MyPlaces/Info.plist;
				INFOPLIST_KEY_UIApplicationSupportsIndirectInputEvents = YES;
				INFOPLIST_KEY_UILaunchStoryboardName = LaunchScreen;
				INFOPLIST_KEY_UIMainStoryboardFile = Main;
				INFOPLIST_KEY_UISupportedInterfaceOrientations_iPad = "UIInterfaceOrientationPortrait UIInterfaceOrientationPortraitUpsideDown UIInterfaceOrientationLandscapeLeft UIInterfaceOrientationLandscapeRight";
				INFOPLIST_KEY_UISupportedInterfaceOrientations_iPhone = "UIInterfaceOrientationPortrait UIInterfaceOrientationLandscapeLeft UIInterfaceOrientationLandscapeRight";
				IPHONEOS_DEPLOYMENT_TARGET = 13.0;
				LD_RUNPATH_SEARCH_PATHS = (
					"$(inherited)",
					"@executable_path/Frameworks",
				);
				MARKETING_VERSION = 1.0;
				PRODUCT_BUNDLE_IDENTIFIER = "Erika-Manucharian.MyPlaces";
				PRODUCT_NAME = "$(TARGET_NAME)";
				SUPPORTED_PLATFORMS = "iphoneos iphonesimulator";
				SUPPORTS_MACCATALYST = NO;
				SUPPORTS_MAC_DESIGNED_FOR_IPHONE_IPAD = NO;
				SWIFT_EMIT_LOC_STRINGS = YES;
				SWIFT_VERSION = 5.0;
				TARGETED_DEVICE_FAMILY = "1,2";
			};
			name = Release;
		};
/* End XCBuildConfiguration section */

/* Begin XCConfigurationList section */
		52429E562AAE17990086A21D /* Build configuration list for PBXProject "MyPlaces" */ = {
			isa = XCConfigurationList;
			buildConfigurations = (
				52429E6D2AAE179A0086A21D /* Debug */,
				52429E6E2AAE179A0086A21D /* Release */,
			);
			defaultConfigurationIsVisible = 0;
			defaultConfigurationName = Release;
		};
		52429E6F2AAE179A0086A21D /* Build configuration list for PBXNativeTarget "MyPlaces" */ = {
			isa = XCConfigurationList;
			buildConfigurations = (
				52429E702AAE179A0086A21D /* Debug */,
				52429E712AAE179A0086A21D /* Release */,
			);
			defaultConfigurationIsVisible = 0;
			defaultConfigurationName = Release;
		};
/* End XCConfigurationList section */
	};
	rootObject = 52429E532AAE17990086A21D /* Project object */;
}
